
Microsoft Visual Studio Solution File, Format Version 12.00
# Visual Studio Version 16
VisualStudioVersion = 16.0.30104.148
MinimumVisualStudioVersion = 10.0.40219.1
Project("{FAE04EC0-301F-11D3-BF4B-00C04F79EFBC}") = "Projeto_Manager.api", "Projeto_Manager.api\Projeto_Manager.api.csproj", "{86377380-4208-452C-B7D2-9726947B6B96}"
EndProject
Global
	GlobalSection(SolutionConfigurationPlatforms) = preSolution
		Debug|Any CPU = Debug|Any CPU
		Release|Any CPU = Release|Any CPU
	EndGlobalSection
	GlobalSection(ProjectConfigurationPlatforms) = postSolution
		{86377380-4208-452C-B7D2-9726947B6B96}.Debug|Any CPU.ActiveCfg = Debug|Any CPU
		{86377380-4208-452C-B7D2-9726947B6B96}.Debug|Any CPU.Build.0 = Debug|Any CPU
		{86377380-4208-452C-B7D2-9726947B6B96}.Release|Any CPU.ActiveCfg = Release|Any CPU
		{86377380-4208-452C-B7D2-9726947B6B96}.Release|Any CPU.Build.0 = Release|Any CPU
	EndGlobalSection
	GlobalSection(SolutionProperties) = preSolution
		HideSolutionNode = FALSE
	EndGlobalSection
	GlobalSection(ExtensibilityGlobals) = postSolution
		SolutionGuid = {EA93ABBB-A76C-4BD6-8105-9A85211783EC}
	EndGlobalSection
EndGlobal
